// !$*UTF8*$!
{
	archiveVersion = 1;
	classes = {
	};
	objectVersion = 55;
	objects = {

/* Begin PBXBuildFile section */
		8E54BF8127858B8E00F03DD8 /* AppDelegate.swift in Sources */ = {isa = PBXBuildFile; fileRef = 8E54BF8027858B8E00F03DD8 /* AppDelegate.swift */; };
		8E54BF8327858B8E00F03DD8 /* SceneDelegate.swift in Sources */ = {isa = PBXBuildFile; fileRef = 8E54BF8227858B8E00F03DD8 /* SceneDelegate.swift */; };
		8E54BF8527858B8E00F03DD8 /* ViewController.swift in Sources */ = {isa = PBXBuildFile; fileRef = 8E54BF8427858B8E00F03DD8 /* ViewController.swift */; };
		8E54BF8827858B8E00F03DD8 /* Main.storyboard in Resources */ = {isa = PBXBuildFile; fileRef = 8E54BF8627858B8E00F03DD8 /* Main.storyboard */; };
		8E54BF8B27858B8E00F03DD8 /* test3.xcdatamodeld in Sources */ = {isa = PBXBuildFile; fileRef = 8E54BF8927858B8E00F03DD8 /* test3.xcdatamodeld */; };
		8E54BF8D27858B8F00F03DD8 /* Assets.xcassets in Resources */ = {isa = PBXBuildFile; fileRef = 8E54BF8C27858B8F00F03DD8 /* Assets.xcassets */; };
		8E54BF9027858B8F00F03DD8 /* LaunchScreen.storyboard in Resources */ = {isa = PBXBuildFile; fileRef = 8E54BF8E27858B8F00F03DD8 /* LaunchScreen.storyboard */; };
		8E54BF9B27858B8F00F03DD8 /* test3Tests.swift in Sources */ = {isa = PBXBuildFile; fileRef = 8E54BF9A27858B8F00F03DD8 /* test3Tests.swift */; };
		8E54BFA527858B8F00F03DD8 /* test3UITests.swift in Sources */ = {isa = PBXBuildFile; fileRef = 8E54BFA427858B8F00F03DD8 /* test3UITests.swift */; };
		8E54BFA727858B8F00F03DD8 /* test3UITestsLaunchTests.swift in Sources */ = {isa = PBXBuildFile; fileRef = 8E54BFA627858B8F00F03DD8 /* test3UITestsLaunchTests.swift */; };
		8E54BFB427858EE700F03DD8 /* TimeViewController.swift in Sources */ = {isa = PBXBuildFile; fileRef = 8E54BFB327858EE700F03DD8 /* TimeViewController.swift */; };
		8E54BFB627859F9D00F03DD8 /* NoteDetailViewController.swift in Sources */ = {isa = PBXBuildFile; fileRef = 8E54BFB527859F9D00F03DD8 /* NoteDetailViewController.swift */; };
		8E54BFB82786672700F03DD8 /* NoteTableView.swift in Sources */ = {isa = PBXBuildFile; fileRef = 8E54BFB72786672700F03DD8 /* NoteTableView.swift */; };
/* End PBXBuildFile section */

/* Begin PBXContainerItemProxy section */
		8E54BF9727858B8F00F03DD8 /* PBXContainerItemProxy */ = {
			isa = PBXContainerItemProxy;
			containerPortal = 8E54BF7527858B8E00F03DD8 /* Project object */;
			proxyType = 1;
			remoteGlobalIDString = 8E54BF7C27858B8E00F03DD8;
			remoteInfo = test3;
		};
		8E54BFA127858B8F00F03DD8 /* PBXContainerItemProxy */ = {
			isa = PBXContainerItemProxy;
			containerPortal = 8E54BF7527858B8E00F03DD8 /* Project object */;
			proxyType = 1;
			remoteGlobalIDString = 8E54BF7C27858B8E00F03DD8;
			remoteInfo = test3;
		};
/* End PBXContainerItemProxy section */

/* Begin PBXFileReference section */
		8E54BF7D27858B8E00F03DD8 /* test3.app */ = {isa = PBXFileReference; explicitFileType = wrapper.application; includeInIndex = 0; path = test3.app; sourceTree = BUILT_PRODUCTS_DIR; };
		8E54BF8027858B8E00F03DD8 /* AppDelegate.swift */ = {isa = PBXFileReference; lastKnownFileType = sourcecode.swift; path = AppDelegate.swift; sourceTree = "<group>"; };
		8E54BF8227858B8E00F03DD8 /* SceneDelegate.swift */ = {isa = PBXFileReference; lastKnownFileType = sourcecode.swift; path = SceneDelegate.swift; sourceTree = "<group>"; };
		8E54BF8427858B8E00F03DD8 /* ViewController.swift */ = {isa = PBXFileReference; lastKnownFileType = sourcecode.swift; path = ViewController.swift; sourceTree = "<group>"; };
		8E54BF8727858B8E00F03DD8 /* Base */ = {isa = PBXFileReference; lastKnownFileType = file.storyboard; name = Base; path = Base.lproj/Main.storyboard; sourceTree = "<group>"; };
		8E54BF8A27858B8E00F03DD8 /* test3.xcdatamodel */ = {isa = PBXFileReference; lastKnownFileType = wrapper.xcdatamodel; path = test3.xcdatamodel; sourceTree = "<group>"; };
		8E54BF8C27858B8F00F03DD8 /* Assets.xcassets */ = {isa = PBXFileReference; lastKnownFileType = folder.assetcatalog; path = Assets.xcassets; sourceTree = "<group>"; };
		8E54BF8F27858B8F00F03DD8 /* Base */ = {isa = PBXFileReference; lastKnownFileType = file.storyboard; name = Base; path = Base.lproj/LaunchScreen.storyboard; sourceTree = "<group>"; };
		8E54BF9127858B8F00F03DD8 /* Info.plist */ = {isa = PBXFileReference; lastKnownFileType = text.plist.xml; path = Info.plist; sourceTree = "<group>"; };
		8E54BF9627858B8F00F03DD8 /* test3Tests.xctest */ = {isa = PBXFileReference; explicitFileType = wrapper.cfbundle; includeInIndex = 0; path = test3Tests.xctest; sourceTree = BUILT_PRODUCTS_DIR; };
		8E54BF9A27858B8F00F03DD8 /* test3Tests.swift */ = {isa = PBXFileReference; lastKnownFileType = sourcecode.swift; path = test3Tests.swift; sourceTree = "<group>"; };
		8E54BFA027858B8F00F03DD8 /* test3UITests.xctest */ = {isa = PBXFileReference; explicitFileType = wrapper.cfbundle; includeInIndex = 0; path = test3UITests.xctest; sourceTree = BUILT_PRODUCTS_DIR; };
		8E54BFA427858B8F00F03DD8 /* test3UITests.swift */ = {isa = PBXFileReference; lastKnownFileType = sourcecode.swift; path = test3UITests.swift; sourceTree = "<group>"; };
		8E54BFA627858B8F00F03DD8 /* test3UITestsLaunchTests.swift */ = {isa = PBXFileReference; lastKnownFileType = sourcecode.swift; path = test3UITestsLaunchTests.swift; sourceTree = "<group>"; };
		8E54BFB327858EE700F03DD8 /* TimeViewController.swift */ = {isa = PBXFileReference; lastKnownFileType = sourcecode.swift; path = TimeViewController.swift; sourceTree = "<group>"; };
		8E54BFB527859F9D00F03DD8 /* NoteDetailViewController.swift */ = {isa = PBXFileReference; lastKnownFileType = sourcecode.swift; path = NoteDetailViewController.swift; sourceTree = "<group>"; };
		8E54BFB72786672700F03DD8 /* NoteTableView.swift */ = {isa = PBXFileReference; lastKnownFileType = sourcecode.swift; path = NoteTableView.swift; sourceTree = "<group>"; };
/* End PBXFileReference section */

/* Begin PBXFrameworksBuildPhase section */
		8E54BF7A27858B8E00F03DD8 /* Frameworks */ = {
			isa = PBXFrameworksBuildPhase;
			buildActionMask = 2147483647;
			files = (
			);
			runOnlyForDeploymentPostprocessing = 0;
		};
		8E54BF9327858B8F00F03DD8 /* Frameworks */ = {
			isa = PBXFrameworksBuildPhase;
			buildActionMask = 2147483647;
			files = (
			);
			runOnlyForDeploymentPostprocessing = 0;
		};
		8E54BF9D27858B8F00F03DD8 /* Frameworks */ = {
			isa = PBXFrameworksBuildPhase;
			buildActionMask = 2147483647;
			files = (
			);
			runOnlyForDeploymentPostprocessing = 0;
		};
/* End PBXFrameworksBuildPhase section */

/* Begin PBXGroup section */
		8E54BF7427858B8E00F03DD8 = {
			isa = PBXGroup;
			children = (
				8E54BF7F27858B8E00F03DD8 /* test3 */,
				8E54BF9927858B8F00F03DD8 /* test3Tests */,
				8E54BFA327858B8F00F03DD8 /* test3UITests */,
				8E54BF7E27858B8E00F03DD8 /* Products */,
			);
			sourceTree = "<group>";
		};
		8E54BF7E27858B8E00F03DD8 /* Products */ = {
			isa = PBXGroup;
			children = (
				8E54BF7D27858B8E00F03DD8 /* test3.app */,
				8E54BF9627858B8F00F03DD8 /* test3Tests.xctest */,
				8E54BFA027858B8F00F03DD8 /* test3UITests.xctest */,
			);
			name = Products;
			sourceTree = "<group>";
		};
		8E54BF7F27858B8E00F03DD8 /* test3 */ = {
			isa = PBXGroup;
			children = (
				8E54BF8027858B8E00F03DD8 /* AppDelegate.swift */,
				8E54BF8227858B8E00F03DD8 /* SceneDelegate.swift */,
				8E54BF8427858B8E00F03DD8 /* ViewController.swift */,
				8E54BFB72786672700F03DD8 /* NoteTableView.swift */,
				8E54BFB327858EE700F03DD8 /* TimeViewController.swift */,
				8E54BFB527859F9D00F03DD8 /* NoteDetailViewController.swift */,
				8E54BF8627858B8E00F03DD8 /* Main.storyboard */,
				8E54BF8C27858B8F00F03DD8 /* Assets.xcassets */,
				8E54BF8E27858B8F00F03DD8 /* LaunchScreen.storyboard */,
				8E54BF9127858B8F00F03DD8 /* Info.plist */,
				8E54BF8927858B8E00F03DD8 /* test3.xcdatamodeld */,
			);
			path = test3;
			sourceTree = "<group>";
		};
		8E54BF9927858B8F00F03DD8 /* test3Tests */ = {
			isa = PBXGroup;
			children = (
				8E54BF9A27858B8F00F03DD8 /* test3Tests.swift */,
			);
			path = test3Tests;
			sourceTree = "<group>";
		};
		8E54BFA327858B8F00F03DD8 /* test3UITests */ = {
			isa = PBXGroup;
			children = (
				8E54BFA427858B8F00F03DD8 /* test3UITests.swift */,
				8E54BFA627858B8F00F03DD8 /* test3UITestsLaunchTests.swift */,
			);
			path = test3UITests;
			sourceTree = "<group>";
		};
/* End PBXGroup section */

/* Begin PBXNativeTarget section */
		8E54BF7C27858B8E00F03DD8 /* test3 */ = {
			isa = PBXNativeTarget;
			buildConfigurationList = 8E54BFAA27858B8F00F03DD8 /* Build configuration list for PBXNativeTarget "test3" */;
			buildPhases = (
				8E54BF7927858B8E00F03DD8 /* Sources */,
				8E54BF7A27858B8E00F03DD8 /* Frameworks */,
				8E54BF7B27858B8E00F03DD8 /* Resources */,
			);
			buildRules = (
			);
			dependencies = (
			);
			name = test3;
			productName = test3;
			productReference = 8E54BF7D27858B8E00F03DD8 /* test3.app */;
			productType = "com.apple.product-type.application";
		};
		8E54BF9527858B8F00F03DD8 /* test3Tests */ = {
			isa = PBXNativeTarget;
			buildConfigurationList = 8E54BFAD27858B8F00F03DD8 /* Build configuration list for PBXNativeTarget "test3Tests" */;
			buildPhases = (
				8E54BF9227858B8F00F03DD8 /* Sources */,
				8E54BF9327858B8F00F03DD8 /* Frameworks */,
				8E54BF9427858B8F00F03DD8 /* Resources */,
			);
			buildRules = (
			);
			dependencies = (
				8E54BF9827858B8F00F03DD8 /* PBXTargetDependency */,
			);
			name = test3Tests;
			productName = test3Tests;
			productReference = 8E54BF9627858B8F00F03DD8 /* test3Tests.xctest */;
			productType = "com.apple.product-type.bundle.unit-test";
		};
		8E54BF9F27858B8F00F03DD8 /* test3UITests */ = {
			isa = PBXNativeTarget;
			buildConfigurationList = 8E54BFB027858B8F00F03DD8 /* Build configuration list for PBXNativeTarget "test3UITests" */;
			buildPhases = (
				8E54BF9C27858B8F00F03DD8 /* Sources */,
				8E54BF9D27858B8F00F03DD8 /* Frameworks */,
				8E54BF9E27858B8F00F03DD8 /* Resources */,
			);
			buildRules = (
			);
			dependencies = (
				8E54BFA227858B8F00F03DD8 /* PBXTargetDependency */,
			);
			name = test3UITests;
			productName = test3UITests;
			productReference = 8E54BFA027858B8F00F03DD8 /* test3UITests.xctest */;
			productType = "com.apple.product-type.bundle.ui-testing";
		};
/* End PBXNativeTarget section */

/* Begin PBXProject section */
		8E54BF7527858B8E00F03DD8 /* Project object */ = {
			isa = PBXProject;
			attributes = {
				BuildIndependentTargetsInParallel = 1;
				LastSwiftUpdateCheck = 1320;
				LastUpgradeCheck = 1320;
				TargetAttributes = {
					8E54BF7C27858B8E00F03DD8 = {
						CreatedOnToolsVersion = 13.2.1;
					};
					8E54BF9527858B8F00F03DD8 = {
						CreatedOnToolsVersion = 13.2.1;
						TestTargetID = 8E54BF7C27858B8E00F03DD8;
					};
					8E54BF9F27858B8F00F03DD8 = {
						CreatedOnToolsVersion = 13.2.1;
						TestTargetID = 8E54BF7C27858B8E00F03DD8;
					};
				};
			};
			buildConfigurationList = 8E54BF7827858B8E00F03DD8 /* Build configuration list for PBXProject "test3" */;
			compatibilityVersion = "Xcode 13.0";
			developmentRegion = en;
			hasScannedForEncodings = 0;
			knownRegions = (
				en,
				Base,
			);
			mainGroup = 8E54BF7427858B8E00F03DD8;
			productRefGroup = 8E54BF7E27858B8E00F03DD8 /* Products */;
			projectDirPath = "";
			projectRoot = "";
			targets = (
				8E54BF7C27858B8E00F03DD8 /* test3 */,
				8E54BF9527858B8F00F03DD8 /* test3Tests */,
				8E54BF9F27858B8F00F03DD8 /* test3UITests */,
			);
		};
/* End PBXProject section */

/* Begin PBXResourcesBuildPhase section */
		8E54BF7B27858B8E00F03DD8 /* Resources */ = {
			isa = PBXResourcesBuildPhase;
			buildActionMask = 2147483647;
			files = (
				8E54BF9027858B8F00F03DD8 /* LaunchScreen.storyboard in Resources */,
				8E54BF8D27858B8F00F03DD8 /* Assets.xcassets in Resources */,
				8E54BF8827858B8E00F03DD8 /* Main.storyboard in Resources */,
			);
			runOnlyForDeploymentPostprocessing = 0;
		};
		8E54BF9427858B8F00F03DD8 /* Resources */ = {
			isa = PBXResourcesBuildPhase;
			buildActionMask = 2147483647;
			files = (
			);
			runOnlyForDeploymentPostprocessing = 0;
		};
		8E54BF9E27858B8F00F03DD8 /* Resources */ = {
			isa = PBXResourcesBuildPhase;
			buildActionMask = 2147483647;
			files = (
			);
			runOnlyForDeploymentPostprocessing = 0;
		};
/* End PBXResourcesBuildPhase section */

/* Begin PBXSourcesBuildPhase section */
		8E54BF7927858B8E00F03DD8 /* Sources */ = {
			isa = PBXSourcesBuildPhase;
			buildActionMask = 2147483647;
			files = (
				8E54BF8527858B8E00F03DD8 /* ViewController.swift in Sources */,
				8E54BFB427858EE700F03DD8 /* TimeViewController.swift in Sources */,
				8E54BF8B27858B8E00F03DD8 /* test3.xcdatamodeld in Sources */,
				8E54BF8127858B8E00F03DD8 /* AppDelegate.swift in Sources */,
				8E54BF8327858B8E00F03DD8 /* SceneDelegate.swift in Sources */,
				8E54BFB82786672700F03DD8 /* NoteTableView.swift in Sources */,
				8E54BFB627859F9D00F03DD8 /* NoteDetailViewController.swift in Sources */,
			);
			runOnlyForDeploymentPostprocessing = 0;
		};
		8E54BF9227858B8F00F03DD8 /* Sources */ = {
			isa = PBXSourcesBuildPhase;
			buildActionMask = 2147483647;
			files = (
				8E54BF9B27858B8F00F03DD8 /* test3Tests.swift in Sources */,
			);
			runOnlyForDeploymentPostprocessing = 0;
		};
		8E54BF9C27858B8F00F03DD8 /* Sources */ = {
			isa = PBXSourcesBuildPhase;
			buildActionMask = 2147483647;
			files = (
				8E54BFA727858B8F00F03DD8 /* test3UITestsLaunchTests.swift in Sources */,
				8E54BFA527858B8F00F03DD8 /* test3UITests.swift in Sources */,
			);
			runOnlyForDeploymentPostprocessing = 0;
		};
/* End PBXSourcesBuildPhase section */

/* Begin PBXTargetDependency section */
		8E54BF9827858B8F00F03DD8 /* PBXTargetDependency */ = {
			isa = PBXTargetDependency;
			target = 8E54BF7C27858B8E00F03DD8 /* test3 */;
			targetProxy = 8E54BF9727858B8F00F03DD8 /* PBXContainerItemProxy */;
		};
		8E54BFA227858B8F00F03DD8 /* PBXTargetDependency */ = {
			isa = PBXTargetDependency;
			target = 8E54BF7C27858B8E00F03DD8 /* test3 */;
			targetProxy = 8E54BFA127858B8F00F03DD8 /* PBXContainerItemProxy */;
		};
/* End PBXTargetDependency section */

/* Begin PBXVariantGroup section */
		8E54BF8627858B8E00F03DD8 /* Main.storyboard */ = {
			isa = PBXVariantGroup;
			children = (
				8E54BF8727858B8E00F03DD8 /* Base */,
			);
			name = Main.storyboard;
			sourceTree = "<group>";
		};
		8E54BF8E27858B8F00F03DD8 /* LaunchScreen.storyboard */ = {
			isa = PBXVariantGroup;
			children = (
				8E54BF8F27858B8F00F03DD8 /* Base */,
			);
			name = LaunchScreen.storyboard;
			sourceTree = "<group>";
		};
/* End PBXVariantGroup section */

/* Begin XCBuildConfiguration section */
		8E54BFA827858B8F00F03DD8 /* Debug */ = {
			isa = XCBuildConfiguration;
			buildSettings = {
				ALWAYS_SEARCH_USER_PATHS = NO;
				CLANG_ANALYZER_NONNULL = YES;
				CLANG_ANALYZER_NUMBER_OBJECT_CONVERSION = YES_AGGRESSIVE;
				CLANG_CXX_LANGUAGE_STANDARD = "gnu++17";
				CLANG_CXX_LIBRARY = "libc++";
				CLANG_ENABLE_MODULES = YES;
				CLANG_ENABLE_OBJC_ARC = YES;
				CLANG_ENABLE_OBJC_WEAK = YES;
				CLANG_WARN_BLOCK_CAPTURE_AUTORELEASING = YES;
				CLANG_WARN_BOOL_CONVERSION = YES;
				CLANG_WARN_COMMA = YES;
				CLANG_WARN_CONSTANT_CONVERSION = YES;
				CLANG_WARN_DEPRECATED_OBJC_IMPLEMENTATIONS = YES;
				CLANG_WARN_DIRECT_OBJC_ISA_USAGE = YES_ERROR;
				CLANG_WARN_DOCUMENTATION_COMMENTS = YES;
				CLANG_WARN_EMPTY_BODY = YES;
				CLANG_WARN_ENUM_CONVERSION = YES;
				CLANG_WARN_INFINITE_RECURSION = YES;
				CLANG_WARN_INT_CONVERSION = YES;
				CLANG_WARN_NON_LITERAL_NULL_CONVERSION = YES;
				CLANG_WARN_OBJC_IMPLICIT_RETAIN_SELF = YES;
				CLANG_WARN_OBJC_LITERAL_CONVERSION = YES;
				CLANG_WARN_OBJC_ROOT_CLASS = YES_ERROR;
				CLANG_WARN_QUOTED_INCLUDE_IN_FRAMEWORK_HEADER = YES;
				CLANG_WARN_RANGE_LOOP_ANALYSIS = YES;
				CLANG_WARN_STRICT_PROTOTYPES = YES;
				CLANG_WARN_SUSPICIOUS_MOVE = YES;
				CLANG_WARN_UNGUARDED_AVAILABILITY = YES_AGGRESSIVE;
				CLANG_WARN_UNREACHABLE_CODE = YES;
				CLANG_WARN__DUPLICATE_METHOD_MATCH = YES;
				COPY_PHASE_STRIP = NO;
				DEBUG_INFORMATION_FORMAT = dwarf;
				ENABLE_STRICT_OBJC_MSGSEND = YES;
				ENABLE_TESTABILITY = YES;
				GCC_C_LANGUAGE_STANDARD = gnu11;
				GCC_DYNAMIC_NO_PIC = NO;
				GCC_NO_COMMON_BLOCKS = YES;
				GCC_OPTIMIZATION_LEVEL = 0;
				GCC_PREPROCESSOR_DEFINITIONS = (
					"DEBUG=1",
					"$(inherited)",
				);
				GCC_WARN_64_TO_32_BIT_CONVERSION = YES;
				GCC_WARN_ABOUT_RETURN_TYPE = YES_ERROR;
				GCC_WARN_UNDECLARED_SELECTOR = YES;
				GCC_WARN_UNINITIALIZED_AUTOS = YES_AGGRESSIVE;
				GCC_WARN_UNUSED_FUNCTION = YES;
				GCC_WARN_UNUSED_VARIABLE = YES;
				IPHONEOS_DEPLOYMENT_TARGET = 15.2;
				MTL_ENABLE_DEBUG_INFO = INCLUDE_SOURCE;
				MTL_FAST_MATH = YES;
				ONLY_ACTIVE_ARCH = YES;
				SDKROOT = iphoneos;
				SWIFT_ACTIVE_COMPILATION_CONDITIONS = DEBUG;
				SWIFT_OPTIMIZATION_LEVEL = "-Onone";
			};
			name = Debug;
		};
		8E54BFA927858B8F00F03DD8 /* Release */ = {
			isa = XCBuildConfiguration;
			buildSettings = {
				ALWAYS_SEARCH_USER_PATHS = NO;
				CLANG_ANALYZER_NONNULL = YES;
				CLANG_ANALYZER_NUMBER_OBJECT_CONVERSION = YES_AGGRESSIVE;
				CLANG_CXX_LANGUAGE_STANDARD = "gnu++17";
				CLANG_CXX_LIBRARY = "libc++";
				CLANG_ENABLE_MODULES = YES;
				CLANG_ENABLE_OBJC_ARC = YES;
				CLANG_ENABLE_OBJC_WEAK = YES;
				CLANG_WARN_BLOCK_CAPTURE_AUTORELEASING = YES;
				CLANG_WARN_BOOL_CONVERSION = YES;
				CLANG_WARN_COMMA = YES;
				CLANG_WARN_CONSTANT_CONVERSION = YES;
				CLANG_WARN_DEPRECATED_OBJC_IMPLEMENTATIONS = YES;
				CLANG_WARN_DIRECT_OBJC_ISA_USAGE = YES_ERROR;
				CLANG_WARN_DOCUMENTATION_COMMENTS = YES;
				CLANG_WARN_EMPTY_BODY = YES;
				CLANG_WARN_ENUM_CONVERSION = YES;
				CLANG_WARN_INFINITE_RECURSION = YES;
				CLANG_WARN_INT_CONVERSION = YES;
				CLANG_WARN_NON_LITERAL_NULL_CONVERSION = YES;
				CLANG_WARN_OBJC_IMPLICIT_RETAIN_SELF = YES;
				CLANG_WARN_OBJC_LITERAL_CONVERSION = YES;
				CLANG_WARN_OBJC_ROOT_CLASS = YES_ERROR;
				CLANG_WARN_QUOTED_INCLUDE_IN_FRAMEWORK_HEADER = YES;
				CLANG_WARN_RANGE_LOOP_ANALYSIS = YES;
				CLANG_WARN_STRICT_PROTOTYPES = YES;
				CLANG_WARN_SUSPICIOUS_MOVE = YES;
				CLANG_WARN_UNGUARDED_AVAILABILITY = YES_AGGRESSIVE;
				CLANG_WARN_UNREACHABLE_CODE = YES;
				CLANG_WARN__DUPLICATE_METHOD_MATCH = YES;
				COPY_PHASE_STRIP = NO;
				DEBUG_INFORMATION_FORMAT = "dwarf-with-dsym";
				ENABLE_NS_ASSERTIONS = NO;
				ENABLE_STRICT_OBJC_MSGSEND = YES;
				GCC_C_LANGUAGE_STANDARD = gnu11;
				GCC_NO_COMMON_BLOCKS = YES;
				GCC_WARN_64_TO_32_BIT_CONVERSION = YES;
				GCC_WARN_ABOUT_RETURN_TYPE = YES_ERROR;
				GCC_WARN_UNDECLARED_SELECTOR = YES;
				GCC_WARN_UNINITIALIZED_AUTOS = YES_AGGRESSIVE;
				GCC_WARN_UNUSED_FUNCTION = YES;
				GCC_WARN_UNUSED_VARIABLE = YES;
				IPHONEOS_DEPLOYMENT_TARGET = 15.2;
				MTL_ENABLE_DEBUG_INFO = NO;
				MTL_FAST_MATH = YES;
				SDKROOT = iphoneos;
				SWIFT_COMPILATION_MODE = wholemodule;
				SWIFT_OPTIMIZATION_LEVEL = "-O";
				VALIDATE_PRODUCT = YES;
			};
			name = Release;
		};
		8E54BFAB27858B8F00F03DD8 /* Debug */ = {
			isa = XCBuildConfiguration;
			buildSettings = {
				ASSETCATALOG_COMPILER_APPICON_NAME = AppIcon;
				ASSETCATALOG_COMPILER_GLOBAL_ACCENT_COLOR_NAME = AccentColor;
				CODE_SIGN_STYLE = Automatic;
				CURRENT_PROJECT_VERSION = 1;
				DEVELOPMENT_TEAM = YQD2XG86A5;
				GENERATE_INFOPLIST_FILE = YES;
				INFOPLIST_FILE = test3/Info.plist;
				INFOPLIST_KEY_UIApplicationSupportsIndirectInputEvents = YES;
				INFOPLIST_KEY_UILaunchStoryboardName = LaunchScreen;
				INFOPLIST_KEY_UIMainStoryboardFile = Main;
				INFOPLIST_KEY_UISupportedInterfaceOrientations_iPad = "UIInterfaceOrientationPortrait UIInterfaceOrientationPortraitUpsideDown UIInterfaceOrientationLandscapeLeft UIInterfaceOrientationLandscapeRight";
				INFOPLIST_KEY_UISupportedInterfaceOrientations_iPhone = "UIInterfaceOrientationPortrait UIInterfaceOrientationLandscapeLeft UIInterfaceOrientationLandscapeRight";
				LD_RUNPATH_SEARCH_PATHS = (
					"$(inherited)",
					"@executable_path/Frameworks",
				);
				MARKETING_VERSION = 1.0;
				PRODUCT_BUNDLE_IDENTIFIER = com.koba.com.test3;
				PRODUCT_NAME = "$(TARGET_NAME)";
				SWIFT_EMIT_LOC_STRINGS = YES;
				SWIFT_VERSION = 5.0;
				TARGETED_DEVICE_FAMILY = "1,2";
			};
			name = Debug;
		};
		8E54BFAC27858B8F00F03DD8 /* Release */ = {
			isa = XCBuildConfiguration;
			buildSettings = {
				ASSETCATALOG_COMPILER_APPICON_NAME = AppIcon;
				ASSETCATALOG_COMPILER_GLOBAL_ACCENT_COLOR_NAME = AccentColor;
				CODE_SIGN_STYLE = Automatic;
				CURRENT_PROJECT_VERSION = 1;
				DEVELOPMENT_TEAM = YQD2XG86A5;
				GENERATE_INFOPLIST_FILE = YES;
				INFOPLIST_FILE = test3/Info.plist;
				INFOPLIST_KEY_UIApplicationSupportsIndirectInputEvents = YES;
				INFOPLIST_KEY_UILaunchStoryboardName = LaunchScreen;
				INFOPLIST_KEY_UIMainStoryboardFile = Main;
				INFOPLIST_KEY_UISupportedInterfaceOrientations_iPad = "UIInterfaceOrientationPortrait UIInterfaceOrientationPortraitUpsideDown UIInterfaceOrientationLandscapeLeft UIInterfaceOrientationLandscapeRight";
				INFOPLIST_KEY_UISupportedInterfaceOrientations_iPhone = "UIInterfaceOrientationPortrait UIInterfaceOrientationLandscapeLeft UIInterfaceOrientationLandscapeRight";
				LD_RUNPATH_SEARCH_PATHS = (
					"$(inherited)",
					"@executable_path/Frameworks",
				);
				MARKETING_VERSION = 1.0;
				PRODUCT_BUNDLE_IDENTIFIER = com.koba.com.test3;
				PRODUCT_NAME = "$(TARGET_NAME)";
				SWIFT_EMIT_LOC_STRINGS = YES;
				SWIFT_VERSION = 5.0;
				TARGETED_DEVICE_FAMILY = "1,2";
			};
			name = Release;
		};
		8E54BFAE27858B8F00F03DD8 /* Debug */ = {
			isa = XCBuildConfiguration;
			buildSettings = {
				ALWAYS_EMBED_SWIFT_STANDARD_LIBRARIES = YES;
				BUNDLE_LOADER = "$(TEST_HOST)";
				CODE_SIGN_STYLE = Automatic;
				CURRENT_PROJECT_VERSION = 1;
				DEVELOPMENT_TEAM = YQD2XG86A5;
				GENERATE_INFOPLIST_FILE = YES;
				IPHONEOS_DEPLOYMENT_TARGET = 15.2;
				MARKETING_VERSION = 1.0;
				PRODUCT_BUNDLE_IDENTIFIER = com.koba.com.test3Tests;
				PRODUCT_NAME = "$(TARGET_NAME)";
				SWIFT_EMIT_LOC_STRINGS = NO;
				SWIFT_VERSION = 5.0;
				TARGETED_DEVICE_FAMILY = "1,2";
				TEST_HOST = "$(BUILT_PRODUCTS_DIR)/test3.app/test3";
			};
			name = Debug;
		};
		8E54BFAF27858B8F00F03DD8 /* Release */ = {
			isa = XCBuildConfiguration;
			buildSettings = {
				ALWAYS_EMBED_SWIFT_STANDARD_LIBRARIES = YES;
				BUNDLE_LOADER = "$(TEST_HOST)";
				CODE_SIGN_STYLE = Automatic;
				CURRENT_PROJECT_VERSION = 1;
				DEVELOPMENT_TEAM = YQD2XG86A5;
				GENERATE_INFOPLIST_FILE = YES;
				IPHONEOS_DEPLOYMENT_TARGET = 15.2;
				MARKETING_VERSION = 1.0;
				PRODUCT_BUNDLE_IDENTIFIER = com.koba.com.test3Tests;
				PRODUCT_NAME = "$(TARGET_NAME)";
				SWIFT_EMIT_LOC_STRINGS = NO;
				SWIFT_VERSION = 5.0;
				TARGETED_DEVICE_FAMILY = "1,2";
				TEST_HOST = "$(BUILT_PRODUCTS_DIR)/test3.app/test3";
			};
			name = Release;
		};
		8E54BFB127858B8F00F03DD8 /* Debug */ = {
			isa = XCBuildConfiguration;
			buildSettings = {
				ALWAYS_EMBED_SWIFT_STANDARD_LIBRARIES = YES;
				CODE_SIGN_STYLE = Automatic;
				CURRENT_PROJECT_VERSION = 1;
				DEVELOPMENT_TEAM = YQD2XG86A5;
				GENERATE_INFOPLIST_FILE = YES;
				MARKETING_VERSION = 1.0;
				PRODUCT_BUNDLE_IDENTIFIER = com.koba.com.test3UITests;
				PRODUCT_NAME = "$(TARGET_NAME)";
				SWIFT_EMIT_LOC_STRINGS = NO;
				SWIFT_VERSION = 5.0;
				TARGETED_DEVICE_FAMILY = "1,2";
				TEST_TARGET_NAME = test3;
			};
			name = Debug;
		};
		8E54BFB227858B8F00F03DD8 /* Release */ = {
			isa = XCBuildConfiguration;
			buildSettings = {
				ALWAYS_EMBED_SWIFT_STANDARD_LIBRARIES = YES;
				CODE_SIGN_STYLE = Automatic;
				CURRENT_PROJECT_VERSION = 1;
				DEVELOPMENT_TEAM = YQD2XG86A5;
				GENERATE_INFOPLIST_FILE = YES;
				MARKETING_VERSION = 1.0;
				PRODUCT_BUNDLE_IDENTIFIER = com.koba.com.test3UITests;
				PRODUCT_NAME = "$(TARGET_NAME)";
				SWIFT_EMIT_LOC_STRINGS = NO;
				SWIFT_VERSION = 5.0;
				TARGETED_DEVICE_FAMILY = "1,2";
				TEST_TARGET_NAME = test3;
			};
			name = Release;
		};
/* End XCBuildConfiguration section */

/* Begin XCConfigurationList section */
		8E54BF7827858B8E00F03DD8 /* Build configuration list for PBXProject "test3" */ = {
			isa = XCConfigurationList;
			buildConfigurations = (
				8E54BFA827858B8F00F03DD8 /* Debug */,
				8E54BFA927858B8F00F03DD8 /* Release */,
			);
			defaultConfigurationIsVisible = 0;
			defaultConfigurationName = Release;
		};
		8E54BFAA27858B8F00F03DD8 /* Build configuration list for PBXNativeTarget "test3" */ = {
			isa = XCConfigurationList;
			buildConfigurations = (
				8E54BFAB27858B8F00F03DD8 /* Debug */,
				8E54BFAC27858B8F00F03DD8 /* Release */,
			);
			defaultConfigurationIsVisible = 0;
			defaultConfigurationName = Release;
		};
		8E54BFAD27858B8F00F03DD8 /* Build configuration list for PBXNativeTarget "test3Tests" */ = {
			isa = XCConfigurationList;
			buildConfigurations = (
				8E54BFAE27858B8F00F03DD8 /* Debug */,
				8E54BFAF27858B8F00F03DD8 /* Release */,
			);
			defaultConfigurationIsVisible = 0;
			defaultConfigurationName = Release;
		};
		8E54BFB027858B8F00F03DD8 /* Build configuration list for PBXNativeTarget "test3UITests" */ = {
			isa = XCConfigurationList;
			buildConfigurations = (
				8E54BFB127858B8F00F03DD8 /* Debug */,
				8E54BFB227858B8F00F03DD8 /* Release */,
			);
			defaultConfigurationIsVisible = 0;
			defaultConfigurationName = Release;
		};
/* End XCConfigurationList section */

/* Begin XCVersionGroup section */
		8E54BF8927858B8E00F03DD8 /* test3.xcdatamodeld */ = {
			isa = XCVersionGroup;
			children = (
				8E54BF8A27858B8E00F03DD8 /* test3.xcdatamodel */,
			);
			currentVersion = 8E54BF8A27858B8E00F03DD8 /* test3.xcdatamodel */;
			path = test3.xcdatamodeld;
			sourceTree = "<group>";
			versionGroupType = wrapper.xcdatamodel;
		};
/* End XCVersionGroup section */
	};
	rootObject = 8E54BF7527858B8E00F03DD8 /* Project object */;
}
